
Microsoft Visual Studio Solution File, Format Version 12.00
# Visual Studio 15
VisualStudioVersion = 15.0.27703.2000
MinimumVisualStudioVersion = 10.0.40219.1
Project("{FAE04EC0-301F-11D3-BF4B-00C04F79EFBC}") = "Proba", "Proba\Proba.csproj", "{5E6659F5-3F3B-4896-9B9B-A7F8E0A38F66}"
EndProject
Global
	GlobalSection(SolutionConfigurationPlatforms) = preSolution
		Debug|Any CPU = Debug|Any CPU
		Release|Any CPU = Release|Any CPU
	EndGlobalSection
	GlobalSection(ProjectConfigurationPlatforms) = postSolution
		{5E6659F5-3F3B-4896-9B9B-A7F8E0A38F66}.Debug|Any CPU.ActiveCfg = Debug|Any CPU
		{5E6659F5-3F3B-4896-9B9B-A7F8E0A38F66}.Debug|Any CPU.Build.0 = Debug|Any CPU
		{5E6659F5-3F3B-4896-9B9B-A7F8E0A38F66}.Release|Any CPU.ActiveCfg = Release|Any CPU
		{5E6659F5-3F3B-4896-9B9B-A7F8E0A38F66}.Release|Any CPU.Build.0 = Release|Any CPU
	EndGlobalSection
	GlobalSection(SolutionProperties) = preSolution
		HideSolutionNode = FALSE
	EndGlobalSection
	GlobalSection(ExtensibilityGlobals) = postSolution
		SolutionGuid = {8611DE89-2FA3-4BCC-9CEA-CF10A3AE9B58}
	EndGlobalSection
EndGlobal
